
Microsoft Visual Studio Solution File, Format Version 12.00
# Visual Studio Version 17
VisualStudioVersion = 17.9.34622.214
MinimumVisualStudioVersion = 10.0.40219.1
Project("{9A19103F-16F7-4668-BE54-9A1E7A4F7556}") = "CrudeServer.Demo", "Demo\CrudeServer.Demo\CrudeServer.Demo.csproj", "{E3D332A4-5C3B-42EE-B309-C6769EA71AE3}"
EndProject
Project("{2150E333-8FDC-42A3-9474-1A3956D46DE8}") = "Lib", "Lib", "{758137AB-8513-4340-A68B-801424C2D742}"
EndProject
Project("{2150E333-8FDC-42A3-9474-1A3956D46DE8}") = "Tests", "Tests", "{C37B1A46-4D6E-48CB-8F06-80F8C6E96884}"
EndProject
Project("{9A19103F-16F7-4668-BE54-9A1E7A4F7556}") = "CrudeServer.Lib.Tests", "Tests\CrudeServer.Lib.Tests\CrudeServer.Lib.Tests.csproj", "{4EEC1522-0ABC-4443-9BD9-8CB6524EC144}"
EndProject
Project("{2150E333-8FDC-42A3-9474-1A3956D46DE8}") = "Demo", "Demo", "{A7F47F25-1E49-4901-A2CE-4AA85D336318}"
EndProject
Project("{9A19103F-16F7-4668-BE54-9A1E7A4F7556}") = "CrudeServer", "Lib\CrudeServer\CrudeServer.csproj", "{E77276B1-D46B-4240-B0D1-6269B0857271}"
EndProject
Project("{9A19103F-16F7-4668-BE54-9A1E7A4F7556}") = "CrudeServer.Integration", "Tests\CrudeServer.Integration\CrudeServer.Integration.csproj", "{311290FA-7786-4EF5-B3D7-FB65F01287B0}"
EndProject
Project("{2150E333-8FDC-42A3-9474-1A3956D46DE8}") = "Solution Items", "Solution Items", "{12DFF3C7-04F0-4464-AC47-90B2F80AF087}"
	ProjectSection(SolutionItems) = preProject
		README.md = README.md
	EndProjectSection
EndProject
Global
	GlobalSection(SolutionConfigurationPlatforms) = preSolution
		Debug|Any CPU = Debug|Any CPU
		Release|Any CPU = Release|Any CPU
	EndGlobalSection
	GlobalSection(ProjectConfigurationPlatforms) = postSolution
		{E3D332A4-5C3B-42EE-B309-C6769EA71AE3}.Debug|Any CPU.ActiveCfg = Debug|Any CPU
		{E3D332A4-5C3B-42EE-B309-C6769EA71AE3}.Debug|Any CPU.Build.0 = Debug|Any CPU
		{E3D332A4-5C3B-42EE-B309-C6769EA71AE3}.Release|Any CPU.ActiveCfg = Release|Any CPU
		{E3D332A4-5C3B-42EE-B309-C6769EA71AE3}.Release|Any CPU.Build.0 = Release|Any CPU
		{4EEC1522-0ABC-4443-9BD9-8CB6524EC144}.Debug|Any CPU.ActiveCfg = Debug|Any CPU
		{4EEC1522-0ABC-4443-9BD9-8CB6524EC144}.Debug|Any CPU.Build.0 = Debug|Any CPU
		{4EEC1522-0ABC-4443-9BD9-8CB6524EC144}.Release|Any CPU.ActiveCfg = Release|Any CPU
		{4EEC1522-0ABC-4443-9BD9-8CB6524EC144}.Release|Any CPU.Build.0 = Release|Any CPU
		{E77276B1-D46B-4240-B0D1-6269B0857271}.Debug|Any CPU.ActiveCfg = Debug|Any CPU
		{E77276B1-D46B-4240-B0D1-6269B0857271}.Debug|Any CPU.Build.0 = Debug|Any CPU
		{E77276B1-D46B-4240-B0D1-6269B0857271}.Release|Any CPU.ActiveCfg = Release|Any CPU
		{E77276B1-D46B-4240-B0D1-6269B0857271}.Release|Any CPU.Build.0 = Release|Any CPU
		{311290FA-7786-4EF5-B3D7-FB65F01287B0}.Debug|Any CPU.ActiveCfg = Debug|Any CPU
		{311290FA-7786-4EF5-B3D7-FB65F01287B0}.Debug|Any CPU.Build.0 = Debug|Any CPU
		{311290FA-7786-4EF5-B3D7-FB65F01287B0}.Release|Any CPU.ActiveCfg = Release|Any CPU
		{311290FA-7786-4EF5-B3D7-FB65F01287B0}.Release|Any CPU.Build.0 = Release|Any CPU
	EndGlobalSection
	GlobalSection(SolutionProperties) = preSolution
		HideSolutionNode = FALSE
	EndGlobalSection
	GlobalSection(NestedProjects) = preSolution
		{E3D332A4-5C3B-42EE-B309-C6769EA71AE3} = {A7F47F25-1E49-4901-A2CE-4AA85D336318}
		{4EEC1522-0ABC-4443-9BD9-8CB6524EC144} = {C37B1A46-4D6E-48CB-8F06-80F8C6E96884}
		{E77276B1-D46B-4240-B0D1-6269B0857271} = {758137AB-8513-4340-A68B-801424C2D742}
		{311290FA-7786-4EF5-B3D7-FB65F01287B0} = {C37B1A46-4D6E-48CB-8F06-80F8C6E96884}
	EndGlobalSection
	GlobalSection(ExtensibilityGlobals) = postSolution
		SolutionGuid = {617AEADD-6B31-4349-88E7-59D97174191A}
	EndGlobalSection
EndGlobal
